
Microsoft Visual Studio Solution File, Format Version 12.00
# Visual Studio 15
VisualStudioVersion = 15.0.28307.489
MinimumVisualStudioVersion = 10.0.40219.1
Project("{FAE04EC0-301F-11D3-BF4B-00C04F79EFBC}") = "Grades", "Grades\Grades.csproj", "{E7CF18EF-D4AA-4058-BBBE-CAD567BA3FD1}"
EndProject
Project("{FAE04EC0-301F-11D3-BF4B-00C04F79EFBC}") = "Grades.Test", "Grades.Test\Grades.Test.csproj", "{43244FA6-371C-4C3F-B4A4-E8FCA55825EF}"
EndProject
Global
	GlobalSection(SolutionConfigurationPlatforms) = preSolution
		Debug|Any CPU = Debug|Any CPU
		Release|Any CPU = Release|Any CPU
	EndGlobalSection
	GlobalSection(ProjectConfigurationPlatforms) = postSolution
		{E7CF18EF-D4AA-4058-BBBE-CAD567BA3FD1}.Debug|Any CPU.ActiveCfg = Debug|Any CPU
		{E7CF18EF-D4AA-4058-BBBE-CAD567BA3FD1}.Debug|Any CPU.Build.0 = Debug|Any CPU
		{E7CF18EF-D4AA-4058-BBBE-CAD567BA3FD1}.Release|Any CPU.ActiveCfg = Release|Any CPU
		{E7CF18EF-D4AA-4058-BBBE-CAD567BA3FD1}.Release|Any CPU.Build.0 = Release|Any CPU
		{43244FA6-371C-4C3F-B4A4-E8FCA55825EF}.Debug|Any CPU.ActiveCfg = Debug|Any CPU
		{43244FA6-371C-4C3F-B4A4-E8FCA55825EF}.Debug|Any CPU.Build.0 = Debug|Any CPU
		{43244FA6-371C-4C3F-B4A4-E8FCA55825EF}.Release|Any CPU.ActiveCfg = Release|Any CPU
		{43244FA6-371C-4C3F-B4A4-E8FCA55825EF}.Release|Any CPU.Build.0 = Release|Any CPU
	EndGlobalSection
	GlobalSection(SolutionProperties) = preSolution
		HideSolutionNode = FALSE
	EndGlobalSection
	GlobalSection(ExtensibilityGlobals) = postSolution
		SolutionGuid = {1F647BD2-CAA7-429D-B28B-947397570ACE}
	EndGlobalSection
EndGlobal
